
Microsoft Visual Studio Solution File, Format Version 12.00
# Visual Studio Version 17
VisualStudioVersion = 17.7.34003.232
MinimumVisualStudioVersion = 10.0.40219.1
Project("{FAE04EC0-301F-11D3-BF4B-00C04F79EFBC}") = "ClalProjectApi", "ClalProjectApi\ClalProjectApi.csproj", "{9CD018B1-F774-432B-92F0-FC76FDF5823D}"
EndProject
Global
	GlobalSection(SolutionConfigurationPlatforms) = preSolution
		Debug|Any CPU = Debug|Any CPU
		Release|Any CPU = Release|Any CPU
	EndGlobalSection
	GlobalSection(ProjectConfigurationPlatforms) = postSolution
		{9CD018B1-F774-432B-92F0-FC76FDF5823D}.Debug|Any CPU.ActiveCfg = Debug|Any CPU
		{9CD018B1-F774-432B-92F0-FC76FDF5823D}.Debug|Any CPU.Build.0 = Debug|Any CPU
		{9CD018B1-F774-432B-92F0-FC76FDF5823D}.Release|Any CPU.ActiveCfg = Release|Any CPU
		{9CD018B1-F774-432B-92F0-FC76FDF5823D}.Release|Any CPU.Build.0 = Release|Any CPU
	EndGlobalSection
	GlobalSection(SolutionProperties) = preSolution
		HideSolutionNode = FALSE
	EndGlobalSection
	GlobalSection(ExtensibilityGlobals) = postSolution
		SolutionGuid = {4DEEB681-1E58-42DA-941F-F3534DE34315}
	EndGlobalSection
EndGlobal
